{
  "version": 4,
  "terraform_version": "0.12.24",
  "serial": 29,
  "lineage": "838177e5-1990-e8c3-ded6-dbffcb45bfee",
  "outputs": {
    "instance_public_ip_addresses_workers": {
      "value": {
        "i-003405975c82f831e": "3.88.115.9"
      },
      "type": [
        "object",
        {
          "i-003405975c82f831e": "string"
        }
      ]
    }
  },
  "resources": [
    {
      "mode": "managed",
      "type": "aws_instance",
      "name": "workers",
      "each": "list",
      "provider": "provider.aws",
      "instances": [
        {
          "index_key": 0,
          "schema_version": 1,
          "attributes": {
            "ami": "ami-085925f297f89fce1",
            "arn": "arn:aws:ec2:us-east-1:851679981849:instance/i-003405975c82f831e",
            "associate_public_ip_address": true,
            "availability_zone": "us-east-1a",
            "cpu_core_count": 1,
            "cpu_threads_per_core": 1,
            "credit_specification": [
              {
                "cpu_credits": "standard"
              }
            ],
            "disable_api_termination": false,
            "ebs_block_device": [],
            "ebs_optimized": false,
            "ephemeral_block_device": [],
            "get_password_data": false,
            "hibernation": false,
            "host_id": null,
            "iam_instance_profile": "",
            "id": "i-003405975c82f831e",
            "instance_initiated_shutdown_behavior": null,
            "instance_state": "running",
            "instance_type": "t2.micro",
            "ipv6_address_count": 0,
            "ipv6_addresses": [],
            "key_name": "default_pair_key",
            "metadata_options": [
              {
                "http_endpoint": "enabled",
                "http_put_response_hop_limit": 1,
                "http_tokens": "optional"
              }
            ],
            "monitoring": false,
            "network_interface": [],
            "network_interface_id": null,
            "outpost_arn": "",
            "password_data": "",
            "placement_group": "",
            "primary_network_interface_id": "eni-00d1fb88784ed4e7f",
            "private_dns": "ip-10-0-168-193.ec2.internal",
            "private_ip": "10.0.168.193",
            "public_dns": "ec2-3-88-115-9.compute-1.amazonaws.com",
            "public_ip": "3.88.115.9",
            "root_block_device": [
              {
                "delete_on_termination": true,
                "device_name": "/dev/sda1",
                "encrypted": false,
                "iops": 100,
                "kms_key_id": "",
                "volume_id": "vol-02b5db12a0cad6df2",
                "volume_size": 8,
                "volume_type": "gp2"
              }
            ],
            "security_groups": [],
            "source_dest_check": true,
            "subnet_id": "subnet-03e8fc3da5f73d5ed",
            "tags": {
              "Name": "worker0"
            },
            "tenancy": "default",
            "timeouts": null,
            "user_data": null,
            "user_data_base64": null,
            "volume_tags": {},
            "vpc_security_group_ids": [
              "sg-0a28972c2f2e30ac8"
            ]
          },
          "private": "eyJlMmJmYjczMC1lY2FhLTExZTYtOGY4OC0zNDM2M2JjN2M0YzAiOnsiY3JlYXRlIjo2MDAwMDAwMDAwMDAsImRlbGV0ZSI6MTIwMDAwMDAwMDAwMCwidXBkYXRlIjo2MDAwMDAwMDAwMDB9LCJzY2hlbWFfdmVyc2lvbiI6IjEifQ==",
          "dependencies": [
            "aws_key_pair.my_pair_key",
            "aws_security_group.allow_all_traffic",
            "aws_subnet.subnet_for_cluster",
            "aws_vpc.vpc_main"
          ]
        }
      ]
    },
    {
      "mode": "managed",
      "type": "aws_internet_gateway",
      "name": "gw",
      "provider": "provider.aws",
      "instances": [
        {
          "schema_version": 0,
          "attributes": {
            "arn": "arn:aws:ec2:us-east-1:851679981849:internet-gateway/igw-02bdfaa3bea68168f",
            "id": "igw-02bdfaa3bea68168f",
            "owner_id": "851679981849",
            "tags": null,
            "vpc_id": "vpc-09daff4825740198f"
          },
          "private": "bnVsbA==",
          "dependencies": [
            "aws_vpc.vpc_main"
          ]
        }
      ]
    },
    {
      "mode": "managed",
      "type": "aws_key_pair",
      "name": "my_pair_key",
      "provider": "provider.aws",
      "instances": [
        {
          "schema_version": 1,
          "attributes": {
            "arn": "arn:aws:ec2:us-east-1:851679981849:key-pair/default_pair_key",
            "fingerprint": "34:f7:d2:a2:f6:cc:c2:f6:01:73:cd:d3:20:84:95:11",
            "id": "default_pair_key",
            "key_name": "default_pair_key",
            "key_name_prefix": null,
            "key_pair_id": "key-0f28a88468bcbe5a5",
            "public_key": "ssh-rsa AAAAB3NzaC1yc2EAAAADAQABAAABAQCzoofBp2ekX4NYEctmxF3sFam90Now4uq/Wmxx1dAIOAKVGTQ4H89LAyrU5xNYSXz+ahDSQcvI4vA4JKfuryAuDbfbZ5DdOX7j7xJnVp+fUOBCqW4lVgh/Q4QhKO7Ev6+GYUSt1wc6h305gh9aQhtwEBSTUK4jcczci+EhirL4I0F5s7MSpJb88J1lo0mks0n38KPRLHoqDp7zlf8RqbFXdEw0SRd6l4bFDJvvF9Eu6aPVv2iBh3FgTemluay2RhpmuBk82cl8r1s0XknHn1nRfQG6RdVHotI2f4HR5lSjrUn14I+cCGi1Ji5vgTBsWA2wsvlA7Xkit+gzjBURXpHL xzarlo@xzarlo-VirtualBox",
            "tags": null
          },
          "private": "eyJzY2hlbWFfdmVyc2lvbiI6IjEifQ=="
        }
      ]
    },
    {
      "mode": "managed",
      "type": "aws_route_table",
      "name": "prod-public-crt",
      "provider": "provider.aws",
      "instances": [
        {
          "schema_version": 0,
          "attributes": {
            "id": "rtb-0ee3f511e71700942",
            "owner_id": "851679981849",
            "propagating_vgws": [],
            "route": [
              {
                "cidr_block": "0.0.0.0/0",
                "egress_only_gateway_id": "",
                "gateway_id": "igw-02bdfaa3bea68168f",
                "instance_id": "",
                "ipv6_cidr_block": "",
                "nat_gateway_id": "",
                "network_interface_id": "",
                "transit_gateway_id": "",
                "vpc_peering_connection_id": ""
              }
            ],
            "tags": null,
            "vpc_id": "vpc-09daff4825740198f"
          },
          "private": "bnVsbA==",
          "dependencies": [
            "aws_internet_gateway.gw",
            "aws_vpc.vpc_main"
          ]
        }
      ]
    },
    {
      "mode": "managed",
      "type": "aws_route_table_association",
      "name": "prod-crta-public-subnet-1",
      "provider": "provider.aws",
      "instances": [
        {
          "schema_version": 0,
          "attributes": {
            "gateway_id": null,
            "id": "rtbassoc-03da4a6517f7ffe93",
            "route_table_id": "rtb-0ee3f511e71700942",
            "subnet_id": "subnet-03e8fc3da5f73d5ed"
          },
          "private": "bnVsbA==",
          "dependencies": [
            "aws_internet_gateway.gw",
            "aws_route_table.prod-public-crt",
            "aws_subnet.subnet_for_cluster",
            "aws_vpc.vpc_main"
          ]
        }
      ]
    },
    {
      "mode": "managed",
      "type": "aws_security_group",
      "name": "allow_all_traffic",
      "provider": "provider.aws",
      "instances": [
        {
          "schema_version": 1,
          "attributes": {
            "arn": "arn:aws:ec2:us-east-1:851679981849:security-group/sg-0a28972c2f2e30ac8",
            "description": "Allow SSH inbound traffic",
            "egress": [
              {
                "cidr_blocks": [
                  "0.0.0.0/0"
                ],
                "description": "",
                "from_port": 0,
                "ipv6_cidr_blocks": [],
                "prefix_list_ids": [],
                "protocol": "-1",
                "security_groups": [],
                "self": false,
                "to_port": 0
              }
            ],
            "id": "sg-0a28972c2f2e30ac8",
            "ingress": [
              {
                "cidr_blocks": [
                  "0.0.0.0/0"
                ],
                "description": "",
                "from_port": 1,
                "ipv6_cidr_blocks": [],
                "prefix_list_ids": [],
                "protocol": "tcp",
                "security_groups": [],
                "self": false,
                "to_port": 65535
              }
            ],
            "name": "80",
            "name_prefix": null,
            "owner_id": "851679981849",
            "revoke_rules_on_delete": false,
            "tags": null,
            "timeouts": null,
            "vpc_id": "vpc-09daff4825740198f"
          },
          "private": "eyJlMmJmYjczMC1lY2FhLTExZTYtOGY4OC0zNDM2M2JjN2M0YzAiOnsiY3JlYXRlIjo2MDAwMDAwMDAwMDAsImRlbGV0ZSI6NjAwMDAwMDAwMDAwfSwic2NoZW1hX3ZlcnNpb24iOiIxIn0=",
          "dependencies": [
            "aws_vpc.vpc_main"
          ]
        }
      ]
    },
    {
      "mode": "managed",
      "type": "aws_subnet",
      "name": "subnet_for_cluster",
      "provider": "provider.aws",
      "instances": [
        {
          "schema_version": 1,
          "attributes": {
            "arn": "arn:aws:ec2:us-east-1:851679981849:subnet/subnet-03e8fc3da5f73d5ed",
            "assign_ipv6_address_on_creation": false,
            "availability_zone": "us-east-1a",
            "availability_zone_id": "use1-az2",
            "cidr_block": "10.0.0.0/16",
            "id": "subnet-03e8fc3da5f73d5ed",
            "ipv6_cidr_block": "",
            "ipv6_cidr_block_association_id": "",
            "map_public_ip_on_launch": true,
            "outpost_arn": "",
            "owner_id": "851679981849",
            "tags": {
              "Name": "Subnet for Webservers"
            },
            "timeouts": null,
            "vpc_id": "vpc-09daff4825740198f"
          },
          "private": "eyJlMmJmYjczMC1lY2FhLTExZTYtOGY4OC0zNDM2M2JjN2M0YzAiOnsiY3JlYXRlIjo2MDAwMDAwMDAwMDAsImRlbGV0ZSI6MTIwMDAwMDAwMDAwMH0sInNjaGVtYV92ZXJzaW9uIjoiMSJ9",
          "dependencies": [
            "aws_vpc.vpc_main"
          ]
        }
      ]
    },
    {
      "mode": "managed",
      "type": "aws_vpc",
      "name": "vpc_main",
      "provider": "provider.aws",
      "instances": [
        {
          "schema_version": 1,
          "attributes": {
            "arn": "arn:aws:ec2:us-east-1:851679981849:vpc/vpc-09daff4825740198f",
            "assign_generated_ipv6_cidr_block": false,
            "cidr_block": "10.0.0.0/16",
            "default_network_acl_id": "acl-0dcf7d77344d8c05a",
            "default_route_table_id": "rtb-04c7ab8e6f7efe571",
            "default_security_group_id": "sg-0456c9f1d96eacd37",
            "dhcp_options_id": "dopt-9977b4e3",
            "enable_classiclink": false,
            "enable_classiclink_dns_support": false,
            "enable_dns_hostnames": true,
            "enable_dns_support": true,
            "id": "vpc-09daff4825740198f",
            "instance_tenancy": "default",
            "ipv6_association_id": "",
            "ipv6_cidr_block": "",
            "main_route_table_id": "rtb-04c7ab8e6f7efe571",
            "owner_id": "851679981849",
            "tags": null
          },
          "private": "eyJzY2hlbWFfdmVyc2lvbiI6IjEifQ=="
        }
      ]
    }
  ]
}
